
Microsoft Visual Studio Solution File, Format Version 12.00
# Visual Studio Version 17
VisualStudioVersion = 17.0.31903.59
MinimumVisualStudioVersion = 10.0.40219.1
Project("{9A19103F-16F7-4668-BE54-9A1E7A4F7556}") = "Task1", "Homework\Task1.csproj", "{F3125193-72B8-40D9-81EF-B524991EE352}"
EndProject
Project("{9A19103F-16F7-4668-BE54-9A1E7A4F7556}") = "Task2", "Task2\Task2.csproj", "{B88C1C57-6F38-4518-9BEE-32F0E9D34C7E}"
EndProject
Project("{9A19103F-16F7-4668-BE54-9A1E7A4F7556}") = "Task3", "Task3\Task3.csproj", "{49BB42DB-1B3B-4209-BD3C-1DB693D43671}"
EndProject
Project("{9A19103F-16F7-4668-BE54-9A1E7A4F7556}") = "Task4", "Task4\Task4.csproj", "{A54B42A1-E06B-4D00-BCBD-BE3F4C4625C3}"
EndProject
Project("{9A19103F-16F7-4668-BE54-9A1E7A4F7556}") = "Task5", "Task5\Task5.csproj", "{AAE9FB05-026E-4864-9015-F29EE099A9FD}"
EndProject
Project("{9A19103F-16F7-4668-BE54-9A1E7A4F7556}") = "Task6", "Task6\Task6.csproj", "{96646C69-684A-450B-A518-6790A0EF9A69}"
EndProject
Project("{9A19103F-16F7-4668-BE54-9A1E7A4F7556}") = "Task7", "Task7\Task7.csproj", "{0CC853C4-96BF-4F2F-B651-9FED3E79B307}"
EndProject
Project("{9A19103F-16F7-4668-BE54-9A1E7A4F7556}") = "Task9", "Task\Task9.csproj", "{41108D90-845A-4CE5-904D-AF39C91834C7}"
EndProject
Project("{9A19103F-16F7-4668-BE54-9A1E7A4F7556}") = "Task8", "Task9\Task8.csproj", "{FAF110C8-F046-46A0-A23B-E307ACA6AA52}"
EndProject
Project("{9A19103F-16F7-4668-BE54-9A1E7A4F7556}") = "Task 10", "Taask10\Task 10.csproj", "{BE4D2DDB-9E82-4EA3-91E0-AF12A1C6C395}"
EndProject
Project("{9A19103F-16F7-4668-BE54-9A1E7A4F7556}") = "Task11", "Task11\Task11.csproj", "{9304C6EA-E089-4845-92F9-8C9C6D5CB68C}"
EndProject
Project("{9A19103F-16F7-4668-BE54-9A1E7A4F7556}") = "Task12", "Task12\Task12.csproj", "{BB7EB56A-B887-4B9A-BB91-BC2783A04172}"
EndProject
Project("{9A19103F-16F7-4668-BE54-9A1E7A4F7556}") = "Task13", "Task13\Task13.csproj", "{2B145635-C4B9-4A62-AC51-89064083D570}"
EndProject
Project("{9A19103F-16F7-4668-BE54-9A1E7A4F7556}") = "Task14", "Task14\Task14.csproj", "{0A8810F5-9035-4A6B-9255-9D14C4841C6A}"
EndProject
Project("{FAE04EC0-301F-11D3-BF4B-00C04F79EFBC}") = "Task 15", "Task 15\Task 15.csproj", "{8AE94BBE-5CF5-46BE-A87D-2A80CC672957}"
EndProject
Global
	GlobalSection(SolutionConfigurationPlatforms) = preSolution
		Debug|Any CPU = Debug|Any CPU
		Release|Any CPU = Release|Any CPU
	EndGlobalSection
	GlobalSection(ProjectConfigurationPlatforms) = postSolution
		{F3125193-72B8-40D9-81EF-B524991EE352}.Debug|Any CPU.ActiveCfg = Debug|Any CPU
		{F3125193-72B8-40D9-81EF-B524991EE352}.Debug|Any CPU.Build.0 = Debug|Any CPU
		{F3125193-72B8-40D9-81EF-B524991EE352}.Release|Any CPU.ActiveCfg = Release|Any CPU
		{F3125193-72B8-40D9-81EF-B524991EE352}.Release|Any CPU.Build.0 = Release|Any CPU
		{B88C1C57-6F38-4518-9BEE-32F0E9D34C7E}.Debug|Any CPU.ActiveCfg = Debug|Any CPU
		{B88C1C57-6F38-4518-9BEE-32F0E9D34C7E}.Debug|Any CPU.Build.0 = Debug|Any CPU
		{B88C1C57-6F38-4518-9BEE-32F0E9D34C7E}.Release|Any CPU.ActiveCfg = Release|Any CPU
		{B88C1C57-6F38-4518-9BEE-32F0E9D34C7E}.Release|Any CPU.Build.0 = Release|Any CPU
		{49BB42DB-1B3B-4209-BD3C-1DB693D43671}.Debug|Any CPU.ActiveCfg = Debug|Any CPU
		{49BB42DB-1B3B-4209-BD3C-1DB693D43671}.Debug|Any CPU.Build.0 = Debug|Any CPU
		{49BB42DB-1B3B-4209-BD3C-1DB693D43671}.Release|Any CPU.ActiveCfg = Release|Any CPU
		{49BB42DB-1B3B-4209-BD3C-1DB693D43671}.Release|Any CPU.Build.0 = Release|Any CPU
		{A54B42A1-E06B-4D00-BCBD-BE3F4C4625C3}.Debug|Any CPU.ActiveCfg = Debug|Any CPU
		{A54B42A1-E06B-4D00-BCBD-BE3F4C4625C3}.Debug|Any CPU.Build.0 = Debug|Any CPU
		{A54B42A1-E06B-4D00-BCBD-BE3F4C4625C3}.Release|Any CPU.ActiveCfg = Release|Any CPU
		{A54B42A1-E06B-4D00-BCBD-BE3F4C4625C3}.Release|Any CPU.Build.0 = Release|Any CPU
		{AAE9FB05-026E-4864-9015-F29EE099A9FD}.Debug|Any CPU.ActiveCfg = Debug|Any CPU
		{AAE9FB05-026E-4864-9015-F29EE099A9FD}.Debug|Any CPU.Build.0 = Debug|Any CPU
		{AAE9FB05-026E-4864-9015-F29EE099A9FD}.Release|Any CPU.ActiveCfg = Release|Any CPU
		{AAE9FB05-026E-4864-9015-F29EE099A9FD}.Release|Any CPU.Build.0 = Release|Any CPU
		{96646C69-684A-450B-A518-6790A0EF9A69}.Debug|Any CPU.ActiveCfg = Debug|Any CPU
		{96646C69-684A-450B-A518-6790A0EF9A69}.Debug|Any CPU.Build.0 = Debug|Any CPU
		{96646C69-684A-450B-A518-6790A0EF9A69}.Release|Any CPU.ActiveCfg = Release|Any CPU
		{96646C69-684A-450B-A518-6790A0EF9A69}.Release|Any CPU.Build.0 = Release|Any CPU
		{0CC853C4-96BF-4F2F-B651-9FED3E79B307}.Debug|Any CPU.ActiveCfg = Debug|Any CPU
		{0CC853C4-96BF-4F2F-B651-9FED3E79B307}.Debug|Any CPU.Build.0 = Debug|Any CPU
		{0CC853C4-96BF-4F2F-B651-9FED3E79B307}.Release|Any CPU.ActiveCfg = Release|Any CPU
		{0CC853C4-96BF-4F2F-B651-9FED3E79B307}.Release|Any CPU.Build.0 = Release|Any CPU
		{41108D90-845A-4CE5-904D-AF39C91834C7}.Debug|Any CPU.ActiveCfg = Debug|Any CPU
		{41108D90-845A-4CE5-904D-AF39C91834C7}.Debug|Any CPU.Build.0 = Debug|Any CPU
		{41108D90-845A-4CE5-904D-AF39C91834C7}.Release|Any CPU.ActiveCfg = Release|Any CPU
		{41108D90-845A-4CE5-904D-AF39C91834C7}.Release|Any CPU.Build.0 = Release|Any CPU
		{FAF110C8-F046-46A0-A23B-E307ACA6AA52}.Debug|Any CPU.ActiveCfg = Debug|Any CPU
		{FAF110C8-F046-46A0-A23B-E307ACA6AA52}.Debug|Any CPU.Build.0 = Debug|Any CPU
		{FAF110C8-F046-46A0-A23B-E307ACA6AA52}.Release|Any CPU.ActiveCfg = Release|Any CPU
		{FAF110C8-F046-46A0-A23B-E307ACA6AA52}.Release|Any CPU.Build.0 = Release|Any CPU
		{BE4D2DDB-9E82-4EA3-91E0-AF12A1C6C395}.Debug|Any CPU.ActiveCfg = Debug|Any CPU
		{BE4D2DDB-9E82-4EA3-91E0-AF12A1C6C395}.Debug|Any CPU.Build.0 = Debug|Any CPU
		{BE4D2DDB-9E82-4EA3-91E0-AF12A1C6C395}.Release|Any CPU.ActiveCfg = Release|Any CPU
		{BE4D2DDB-9E82-4EA3-91E0-AF12A1C6C395}.Release|Any CPU.Build.0 = Release|Any CPU
		{9304C6EA-E089-4845-92F9-8C9C6D5CB68C}.Debug|Any CPU.ActiveCfg = Debug|Any CPU
		{9304C6EA-E089-4845-92F9-8C9C6D5CB68C}.Debug|Any CPU.Build.0 = Debug|Any CPU
		{9304C6EA-E089-4845-92F9-8C9C6D5CB68C}.Release|Any CPU.ActiveCfg = Release|Any CPU
		{9304C6EA-E089-4845-92F9-8C9C6D5CB68C}.Release|Any CPU.Build.0 = Release|Any CPU
		{BB7EB56A-B887-4B9A-BB91-BC2783A04172}.Debug|Any CPU.ActiveCfg = Debug|Any CPU
		{BB7EB56A-B887-4B9A-BB91-BC2783A04172}.Debug|Any CPU.Build.0 = Debug|Any CPU
		{BB7EB56A-B887-4B9A-BB91-BC2783A04172}.Release|Any CPU.ActiveCfg = Release|Any CPU
		{BB7EB56A-B887-4B9A-BB91-BC2783A04172}.Release|Any CPU.Build.0 = Release|Any CPU
		{2B145635-C4B9-4A62-AC51-89064083D570}.Debug|Any CPU.ActiveCfg = Debug|Any CPU
		{2B145635-C4B9-4A62-AC51-89064083D570}.Debug|Any CPU.Build.0 = Debug|Any CPU
		{2B145635-C4B9-4A62-AC51-89064083D570}.Release|Any CPU.ActiveCfg = Release|Any CPU
		{2B145635-C4B9-4A62-AC51-89064083D570}.Release|Any CPU.Build.0 = Release|Any CPU
		{0A8810F5-9035-4A6B-9255-9D14C4841C6A}.Debug|Any CPU.ActiveCfg = Debug|Any CPU
		{0A8810F5-9035-4A6B-9255-9D14C4841C6A}.Debug|Any CPU.Build.0 = Debug|Any CPU
		{0A8810F5-9035-4A6B-9255-9D14C4841C6A}.Release|Any CPU.ActiveCfg = Release|Any CPU
		{0A8810F5-9035-4A6B-9255-9D14C4841C6A}.Release|Any CPU.Build.0 = Release|Any CPU
		{8AE94BBE-5CF5-46BE-A87D-2A80CC672957}.Debug|Any CPU.ActiveCfg = Debug|Any CPU
		{8AE94BBE-5CF5-46BE-A87D-2A80CC672957}.Debug|Any CPU.Build.0 = Debug|Any CPU
		{8AE94BBE-5CF5-46BE-A87D-2A80CC672957}.Release|Any CPU.ActiveCfg = Release|Any CPU
		{8AE94BBE-5CF5-46BE-A87D-2A80CC672957}.Release|Any CPU.Build.0 = Release|Any CPU
	EndGlobalSection
	GlobalSection(SolutionProperties) = preSolution
		HideSolutionNode = FALSE
	EndGlobalSection
	GlobalSection(ExtensibilityGlobals) = postSolution
		SolutionGuid = {4D241DFA-859C-4529-B7B1-AC617863119E}
	EndGlobalSection
EndGlobal
